
Microsoft Visual Studio Solution File, Format Version 12.00
# Visual Studio Version 17
VisualStudioVersion = 17.2.32505.173
MinimumVisualStudioVersion = 10.0.40219.1
Project("{FAE04EC0-301F-11D3-BF4B-00C04F79EFBC}") = "Activity_02", "Activity_02\Activity_02.csproj", "{D26098BB-EFD7-488C-B7A4-70580D241783}"
EndProject
Global
	GlobalSection(SolutionConfigurationPlatforms) = preSolution
		Debug|Any CPU = Debug|Any CPU
		Release|Any CPU = Release|Any CPU
	EndGlobalSection
	GlobalSection(ProjectConfigurationPlatforms) = postSolution
		{D26098BB-EFD7-488C-B7A4-70580D241783}.Debug|Any CPU.ActiveCfg = Debug|Any CPU
		{D26098BB-EFD7-488C-B7A4-70580D241783}.Debug|Any CPU.Build.0 = Debug|Any CPU
		{D26098BB-EFD7-488C-B7A4-70580D241783}.Release|Any CPU.ActiveCfg = Release|Any CPU
		{D26098BB-EFD7-488C-B7A4-70580D241783}.Release|Any CPU.Build.0 = Release|Any CPU
	EndGlobalSection
	GlobalSection(SolutionProperties) = preSolution
		HideSolutionNode = FALSE
	EndGlobalSection
	GlobalSection(ExtensibilityGlobals) = postSolution
		SolutionGuid = {558A10B8-71A7-41E7-B8EF-DC6A1CC0A65F}
	EndGlobalSection
EndGlobal
